{
  "meteor": {},
  "dependencies": {
    "basePackages": {
      "iron-router": {},
      "collectionFS": {}
    },
    "packages": {
      "iron-router": {
        "git": "https://github.com/EventedMind/iron-router.git",
        "tag": "v0.6.1",
        "commit": "4e1ee0581d68bff422a915dacb0bd30eae10fe08"
      },
      "collectionFS": {
        "git": "https://github.com/raix/Meteor-CollectionFS.git",
        "tag": "v0.3.6",
        "commit": "e28922685d07fc2bd17e23571eeb050cd85176f7"
      },
      "cfs-public-folder": {
        "git": "https://github.com/nooitaf/meteor-cfs-public-folder.git",
        "tag": "v0.0.3",
        "commit": "f47a0f1963be82121c975f955196b1fbb0cdbca3"
      }
    }
  }
}
